// !$*UTF8*$!
{
	archiveVersion = 1;
	classes = {
	};
	objectVersion = 46;
	objects = {

/* Begin PBXBuildFile section */
		DECD79871E40BA6300C4D8D8 /* AppDelegate.swift in Sources */ = {isa = PBXBuildFile; fileRef = DECD79861E40BA6300C4D8D8 /* AppDelegate.swift */; };
		DECD79891E40BA6300C4D8D8 /* ViewController.swift in Sources */ = {isa = PBXBuildFile; fileRef = DECD79881E40BA6300C4D8D8 /* ViewController.swift */; };
		DECD798C1E40BA6300C4D8D8 /* Main.storyboard in Resources */ = {isa = PBXBuildFile; fileRef = DECD798A1E40BA6300C4D8D8 /* Main.storyboard */; };
		DECD798E1E40BA6300C4D8D8 /* Assets.xcassets in Resources */ = {isa = PBXBuildFile; fileRef = DECD798D1E40BA6300C4D8D8 /* Assets.xcassets */; };
		DECD79911E40BA6300C4D8D8 /* LaunchScreen.storyboard in Resources */ = {isa = PBXBuildFile; fileRef = DECD798F1E40BA6300C4D8D8 /* LaunchScreen.storyboard */; };
/* End PBXBuildFile section */

/* Begin PBXFileReference section */
		DECD79831E40BA6300C4D8D8 /* nav.app */ = {isa = PBXFileReference; explicitFileType = wrapper.application; includeInIndex = 0; path = nav.app; sourceTree = BUILT_PRODUCTS_DIR; };
		DECD79861E40BA6300C4D8D8 /* AppDelegate.swift */ = {isa = PBXFileReference; lastKnownFileType = sourcecode.swift; path = AppDelegate.swift; sourceTree = "<group>"; };
		DECD79881E40BA6300C4D8D8 /* ViewController.swift */ = {isa = PBXFileReference; lastKnownFileType = sourcecode.swift; path = ViewController.swift; sourceTree = "<group>"; };
		DECD798B1E40BA6300C4D8D8 /* Base */ = {isa = PBXFileReference; lastKnownFileType = file.storyboard; name = Base; path = Base.lproj/Main.storyboard; sourceTree = "<group>"; };
		DECD798D1E40BA6300C4D8D8 /* Assets.xcassets */ = {isa = PBXFileReference; lastKnownFileType = folder.assetcatalog; path = Assets.xcassets; sourceTree = "<group>"; };
		DECD79901E40BA6300C4D8D8 /* Base */ = {isa = PBXFileReference; lastKnownFileType = file.storyboard; name = Base; path = Base.lproj/LaunchScreen.storyboard; sourceTree = "<group>"; };
		DECD79921E40BA6300C4D8D8 /* Info.plist */ = {isa = PBXFileReference; lastKnownFileType = text.plist.xml; path = Info.plist; sourceTree = "<group>"; };
/* End PBXFileReference section */

/* Begin PBXFrameworksBuildPhase section */
		DECD79801E40BA6300C4D8D8 /* Frameworks */ = {
			isa = PBXFrameworksBuildPhase;
			buildActionMask = 2147483647;
			files = (
			);
			runOnlyForDeploymentPostprocessing = 0;
		};
/* End PBXFrameworksBuildPhase section */

/* Begin PBXGroup section */
		DECD797A1E40BA6300C4D8D8 = {
			isa = PBXGroup;
			children = (
				DECD79851E40BA6300C4D8D8 /* nav */,
				DECD79841E40BA6300C4D8D8 /* Products */,
			);
			sourceTree = "<group>";
		};
		DECD79841E40BA6300C4D8D8 /* Products */ = {
			isa = PBXGroup;
			children = (
				DECD79831E40BA6300C4D8D8 /* nav.app */,
			);
			name = Products;
			sourceTree = "<group>";
		};
		DECD79851E40BA6300C4D8D8 /* nav */ = {
			isa = PBXGroup;
			children = (
				DECD79861E40BA6300C4D8D8 /* AppDelegate.swift */,
				DECD79881E40BA6300C4D8D8 /* ViewController.swift */,
				DECD798A1E40BA6300C4D8D8 /* Main.storyboard */,
				DECD798D1E40BA6300C4D8D8 /* Assets.xcassets */,
				DECD798F1E40BA6300C4D8D8 /* LaunchScreen.storyboard */,
				DECD79921E40BA6300C4D8D8 /* Info.plist */,
			);
			path = nav;
			sourceTree = "<group>";
		};
/* End PBXGroup section */

/* Begin PBXNativeTarget section */
		DECD79821E40BA6300C4D8D8 /* nav */ = {
			isa = PBXNativeTarget;
			buildConfigurationList = DECD79951E40BA6300C4D8D8 /* Build configuration list for PBXNativeTarget "nav" */;
			buildPhases = (
				DECD797F1E40BA6300C4D8D8 /* Sources */,
				DECD79801E40BA6300C4D8D8 /* Frameworks */,
				DECD79811E40BA6300C4D8D8 /* Resources */,
			);
			buildRules = (
			);
			dependencies = (
			);
			name = nav;
			productName = nav;
			productReference = DECD79831E40BA6300C4D8D8 /* nav.app */;
			productType = "com.apple.product-type.application";
		};
/* End PBXNativeTarget section */

/* Begin PBXProject section */
		DECD797B1E40BA6300C4D8D8 /* Project object */ = {
			isa = PBXProject;
			attributes = {
				LastSwiftUpdateCheck = 0820;
				LastUpgradeCheck = 0820;
				ORGANIZATIONNAME = MAGNUMIUM;
				TargetAttributes = {
					DECD79821E40BA6300C4D8D8 = {
						CreatedOnToolsVersion = 8.2.1;
						DevelopmentTeam = 7X97G3MQ75;
						ProvisioningStyle = Automatic;
					};
				};
			};
			buildConfigurationList = DECD797E1E40BA6300C4D8D8 /* Build configuration list for PBXProject "nav" */;
			compatibilityVersion = "Xcode 3.2";
			developmentRegion = English;
			hasScannedForEncodings = 0;
			knownRegions = (
				en,
				Base,
			);
			mainGroup = DECD797A1E40BA6300C4D8D8;
			productRefGroup = DECD79841E40BA6300C4D8D8 /* Products */;
			projectDirPath = "";
			projectRoot = "";
			targets = (
				DECD79821E40BA6300C4D8D8 /* nav */,
			);
		};
/* End PBXProject section */

/* Begin PBXResourcesBuildPhase section */
		DECD79811E40BA6300C4D8D8 /* Resources */ = {
			isa = PBXResourcesBuildPhase;
			buildActionMask = 2147483647;
			files = (
				DECD79911E40BA6300C4D8D8 /* LaunchScreen.storyboard in Resources */,
				DECD798E1E40BA6300C4D8D8 /* Assets.xcassets in Resources */,
				DECD798C1E40BA6300C4D8D8 /* Main.storyboard in Resources */,
			);
			runOnlyForDeploymentPostprocessing = 0;
		};
/* End PBXResourcesBuildPhase section */

/* Begin PBXSourcesBuildPhase section */
		DECD797F1E40BA6300C4D8D8 /* Sources */ = {
			isa = PBXSourcesBuildPhase;
			buildActionMask = 2147483647;
			files = (
				DECD79891E40BA6300C4D8D8 /* ViewController.swift in Sources */,
				DECD79871E40BA6300C4D8D8 /* AppDelegate.swift in Sources */,
			);
			runOnlyForDeploymentPostprocessing = 0;
		};
/* End PBXSourcesBuildPhase section */

/* Begin PBXVariantGroup section */
		DECD798A1E40BA6300C4D8D8 /* Main.storyboard */ = {
			isa = PBXVariantGroup;
			children = (
				DECD798B1E40BA6300C4D8D8 /* Base */,
			);
			name = Main.storyboard;
			sourceTree = "<group>";
		};
		DECD798F1E40BA6300C4D8D8 /* LaunchScreen.storyboard */ = {
			isa = PBXVariantGroup;
			children = (
				DECD79901E40BA6300C4D8D8 /* Base */,
			);
			name = LaunchScreen.storyboard;
			sourceTree = "<group>";
		};
/* End PBXVariantGroup section */

/* Begin XCBuildConfiguration section */
		DECD79931E40BA6300C4D8D8 /* Debug */ = {
			isa = XCBuildConfiguration;
			buildSettings = {
				ALWAYS_SEARCH_USER_PATHS = NO;
				CLANG_ANALYZER_NONNULL = YES;
				CLANG_CXX_LANGUAGE_STANDARD = "gnu++0x";
				CLANG_CXX_LIBRARY = "libc++";
				CLANG_ENABLE_MODULES = YES;
				CLANG_ENABLE_OBJC_ARC = YES;
				CLANG_WARN_BOOL_CONVERSION = YES;
				CLANG_WARN_CONSTANT_CONVERSION = YES;
				CLANG_WARN_DIRECT_OBJC_ISA_USAGE = YES_ERROR;
				CLANG_WARN_DOCUMENTATION_COMMENTS = YES;
				CLANG_WARN_EMPTY_BODY = YES;
				CLANG_WARN_ENUM_CONVERSION = YES;
				CLANG_WARN_INFINITE_RECURSION = YES;
				CLANG_WARN_INT_CONVERSION = YES;
				CLANG_WARN_OBJC_ROOT_CLASS = YES_ERROR;
				CLANG_WARN_SUSPICIOUS_MOVE = YES;
				CLANG_WARN_UNREACHABLE_CODE = YES;
				CLANG_WARN__DUPLICATE_METHOD_MATCH = YES;
				"CODE_SIGN_IDENTITY[sdk=iphoneos*]" = "iPhone Developer";
				COPY_PHASE_STRIP = NO;
				DEBUG_INFORMATION_FORMAT = dwarf;
				ENABLE_STRICT_OBJC_MSGSEND = YES;
				ENABLE_TESTABILITY = YES;
				GCC_C_LANGUAGE_STANDARD = gnu99;
				GCC_DYNAMIC_NO_PIC = NO;
				GCC_NO_COMMON_BLOCKS = YES;
				GCC_OPTIMIZATION_LEVEL = 0;
				GCC_PREPROCESSOR_DEFINITIONS = (
					"DEBUG=1",
					"$(inherited)",
				);
				GCC_WARN_64_TO_32_BIT_CONVERSION = YES;
				GCC_WARN_ABOUT_RETURN_TYPE = YES_ERROR;
				GCC_WARN_UNDECLARED_SELECTOR = YES;
				GCC_WARN_UNINITIALIZED_AUTOS = YES_AGGRESSIVE;
				GCC_WARN_UNUSED_FUNCTION = YES;
				GCC_WARN_UNUSED_VARIABLE = YES;
				IPHONEOS_DEPLOYMENT_TARGET = 10.2;
				MTL_ENABLE_DEBUG_INFO = YES;
				ONLY_ACTIVE_ARCH = YES;
				SDKROOT = iphoneos;
				SWIFT_ACTIVE_COMPILATION_CONDITIONS = DEBUG;
				SWIFT_OPTIMIZATION_LEVEL = "-Onone";
			};
			name = Debug;
		};
		DECD79941E40BA6300C4D8D8 /* Release */ = {
			isa = XCBuildConfiguration;
			buildSettings = {
				ALWAYS_SEARCH_USER_PATHS = NO;
				CLANG_ANALYZER_NONNULL = YES;
				CLANG_CXX_LANGUAGE_STANDARD = "gnu++0x";
				CLANG_CXX_LIBRARY = "libc++";
				CLANG_ENABLE_MODULES = YES;
				CLANG_ENABLE_OBJC_ARC = YES;
				CLANG_WARN_BOOL_CONVERSION = YES;
				CLANG_WARN_CONSTANT_CONVERSION = YES;
				CLANG_WARN_DIRECT_OBJC_ISA_USAGE = YES_ERROR;
				CLANG_WARN_DOCUMENTATION_COMMENTS = YES;
				CLANG_WARN_EMPTY_BODY = YES;
				CLANG_WARN_ENUM_CONVERSION = YES;
				CLANG_WARN_INFINITE_RECURSION = YES;
				CLANG_WARN_INT_CONVERSION = YES;
				CLANG_WARN_OBJC_ROOT_CLASS = YES_ERROR;
				CLANG_WARN_SUSPICIOUS_MOVE = YES;
				CLANG_WARN_UNREACHABLE_CODE = YES;
				CLANG_WARN__DUPLICATE_METHOD_MATCH = YES;
				"CODE_SIGN_IDENTITY[sdk=iphoneos*]" = "iPhone Developer";
				COPY_PHASE_STRIP = NO;
				DEBUG_INFORMATION_FORMAT = "dwarf-with-dsym";
				ENABLE_NS_ASSERTIONS = NO;
				ENABLE_STRICT_OBJC_MSGSEND = YES;
				GCC_C_LANGUAGE_STANDARD = gnu99;
				GCC_NO_COMMON_BLOCKS = YES;
				GCC_WARN_64_TO_32_BIT_CONVERSION = YES;
				GCC_WARN_ABOUT_RETURN_TYPE = YES_ERROR;
				GCC_WARN_UNDECLARED_SELECTOR = YES;
				GCC_WARN_UNINITIALIZED_AUTOS = YES_AGGRESSIVE;
				GCC_WARN_UNUSED_FUNCTION = YES;
				GCC_WARN_UNUSED_VARIABLE = YES;
				IPHONEOS_DEPLOYMENT_TARGET = 10.2;
				MTL_ENABLE_DEBUG_INFO = NO;
				SDKROOT = iphoneos;
				SWIFT_OPTIMIZATION_LEVEL = "-Owholemodule";
				VALIDATE_PRODUCT = YES;
			};
			name = Release;
		};
		DECD79961E40BA6300C4D8D8 /* Debug */ = {
			isa = XCBuildConfiguration;
			buildSettings = {
				ASSETCATALOG_COMPILER_APPICON_NAME = AppIcon;
				DEVELOPMENT_TEAM = 7X97G3MQ75;
				INFOPLIST_FILE = nav/Info.plist;
				LD_RUNPATH_SEARCH_PATHS = "$(inherited) @executable_path/Frameworks";
				PRODUCT_BUNDLE_IDENTIFIER = com.MAGNUMIUM.nav;
				PRODUCT_NAME = "$(TARGET_NAME)";
				SWIFT_VERSION = 3.0;
			};
			name = Debug;
		};
		DECD79971E40BA6300C4D8D8 /* Release */ = {
			isa = XCBuildConfiguration;
			buildSettings = {
				ASSETCATALOG_COMPILER_APPICON_NAME = AppIcon;
				DEVELOPMENT_TEAM = 7X97G3MQ75;
				INFOPLIST_FILE = nav/Info.plist;
				LD_RUNPATH_SEARCH_PATHS = "$(inherited) @executable_path/Frameworks";
				PRODUCT_BUNDLE_IDENTIFIER = com.MAGNUMIUM.nav;
				PRODUCT_NAME = "$(TARGET_NAME)";
				SWIFT_VERSION = 3.0;
			};
			name = Release;
		};
/* End XCBuildConfiguration section */

/* Begin XCConfigurationList section */
		DECD797E1E40BA6300C4D8D8 /* Build configuration list for PBXProject "nav" */ = {
			isa = XCConfigurationList;
			buildConfigurations = (
				DECD79931E40BA6300C4D8D8 /* Debug */,
				DECD79941E40BA6300C4D8D8 /* Release */,
			);
			defaultConfigurationIsVisible = 0;
			defaultConfigurationName = Release;
		};
		DECD79951E40BA6300C4D8D8 /* Build configuration list for PBXNativeTarget "nav" */ = {
			isa = XCConfigurationList;
			buildConfigurations = (
				DECD79961E40BA6300C4D8D8 /* Debug */,
				DECD79971E40BA6300C4D8D8 /* Release */,
			);
			defaultConfigurationIsVisible = 0;
		};
/* End XCConfigurationList section */
	};
	rootObject = DECD797B1E40BA6300C4D8D8 /* Project object */;
}
